
Microsoft Visual Studio Solution File, Format Version 12.00
# Visual Studio Version 17
VisualStudioVersion = 17.7.34018.315
MinimumVisualStudioVersion = 10.0.40219.1
Project("{FAE04EC0-301F-11D3-BF4B-00C04F79EFBC}") = "variables", "variables.csproj", "{2A8A8771-B3D3-4F34-A7E3-0A05A1C0CB2E}"
EndProject
Global
	GlobalSection(SolutionConfigurationPlatforms) = preSolution
		Debug|Any CPU = Debug|Any CPU
		Release|Any CPU = Release|Any CPU
	EndGlobalSection
	GlobalSection(ProjectConfigurationPlatforms) = postSolution
		{2A8A8771-B3D3-4F34-A7E3-0A05A1C0CB2E}.Debug|Any CPU.ActiveCfg = Debug|Any CPU
		{2A8A8771-B3D3-4F34-A7E3-0A05A1C0CB2E}.Debug|Any CPU.Build.0 = Debug|Any CPU
		{2A8A8771-B3D3-4F34-A7E3-0A05A1C0CB2E}.Release|Any CPU.ActiveCfg = Release|Any CPU
		{2A8A8771-B3D3-4F34-A7E3-0A05A1C0CB2E}.Release|Any CPU.Build.0 = Release|Any CPU
	EndGlobalSection
	GlobalSection(SolutionProperties) = preSolution
		HideSolutionNode = FALSE
	EndGlobalSection
	GlobalSection(ExtensibilityGlobals) = postSolution
		SolutionGuid = {F02D3CBD-C765-4D11-8A3F-613B49A6BD8A}
	EndGlobalSection
EndGlobal
